%{
  "elixir_make": {:hex, :elixir_make, "0.4.0", "992f38fabe705bb45821a728f20914c554b276838433349d4f2341f7a687cddf", [], [], "hexpm"},
  "nerves_uart": {:hex, :nerves_uart, "1.0.1", "ae5ea13e37b4585e210c50d9e56d58ab02454363474d6177c255da2306ff56b6", [], [{:elixir_make, "~> 0.4", [hex: :elixir_make, repo: "hexpm", optional: false]}], "hexpm"},
}
